
Microsoft Visual Studio Solution File, Format Version 12.00
# Visual Studio 14
VisualStudioVersion = 14.0.24720.0
MinimumVisualStudioVersion = 10.0.40219.1
Project("{FAE04EC0-301F-11D3-BF4B-00C04F79EFBC}") = "TheBookClass", "TheBookClass\TheBookClass.csproj", "{D1B92389-14F2-4BA2-B34D-F3D3C7AC1859}"
EndProject
Project("{FAE04EC0-301F-11D3-BF4B-00C04F79EFBC}") = "TheBookClass.Tests", "TheBookClass.Tests\TheBookClass.Tests.csproj", "{EE8791F2-A69F-4540-9B47-7EB01E1E5691}"
EndProject
Global
	GlobalSection(SolutionConfigurationPlatforms) = preSolution
		Debug|Any CPU = Debug|Any CPU
		Release|Any CPU = Release|Any CPU
	EndGlobalSection
	GlobalSection(ProjectConfigurationPlatforms) = postSolution
		{D1B92389-14F2-4BA2-B34D-F3D3C7AC1859}.Debug|Any CPU.ActiveCfg = Debug|Any CPU
		{D1B92389-14F2-4BA2-B34D-F3D3C7AC1859}.Debug|Any CPU.Build.0 = Debug|Any CPU
		{D1B92389-14F2-4BA2-B34D-F3D3C7AC1859}.Release|Any CPU.ActiveCfg = Release|Any CPU
		{D1B92389-14F2-4BA2-B34D-F3D3C7AC1859}.Release|Any CPU.Build.0 = Release|Any CPU
		{EE8791F2-A69F-4540-9B47-7EB01E1E5691}.Debug|Any CPU.ActiveCfg = Debug|Any CPU
		{EE8791F2-A69F-4540-9B47-7EB01E1E5691}.Debug|Any CPU.Build.0 = Debug|Any CPU
		{EE8791F2-A69F-4540-9B47-7EB01E1E5691}.Release|Any CPU.ActiveCfg = Release|Any CPU
		{EE8791F2-A69F-4540-9B47-7EB01E1E5691}.Release|Any CPU.Build.0 = Release|Any CPU
	EndGlobalSection
	GlobalSection(SolutionProperties) = preSolution
		HideSolutionNode = FALSE
	EndGlobalSection
EndGlobal
