
Microsoft Visual Studio Solution File, Format Version 12.00
# Visual Studio 14
VisualStudioVersion = 14.0.24720.0
MinimumVisualStudioVersion = 10.0.40219.1
Project("{FAE04EC0-301F-11D3-BF4B-00C04F79EFBC}") = "TheAccountClassInheritance", "TheAccountClassInheritance\TheAccountClassInheritance.csproj", "{F2AC2D75-F879-4027-A3E8-AC8AE13B2BBC}"
EndProject
Project("{FAE04EC0-301F-11D3-BF4B-00C04F79EFBC}") = "TheAccountClassInheritance.Unit.Tests", "TheAccountClassInheritance.Unit.Tests\TheAccountClassInheritance.Unit.Tests.csproj", "{427623B7-856A-4CCA-965D-FB5E8128879E}"
EndProject
Global
	GlobalSection(SolutionConfigurationPlatforms) = preSolution
		Debug|Any CPU = Debug|Any CPU
		Release|Any CPU = Release|Any CPU
	EndGlobalSection
	GlobalSection(ProjectConfigurationPlatforms) = postSolution
		{F2AC2D75-F879-4027-A3E8-AC8AE13B2BBC}.Debug|Any CPU.ActiveCfg = Debug|Any CPU
		{F2AC2D75-F879-4027-A3E8-AC8AE13B2BBC}.Debug|Any CPU.Build.0 = Debug|Any CPU
		{F2AC2D75-F879-4027-A3E8-AC8AE13B2BBC}.Release|Any CPU.ActiveCfg = Release|Any CPU
		{F2AC2D75-F879-4027-A3E8-AC8AE13B2BBC}.Release|Any CPU.Build.0 = Release|Any CPU
		{427623B7-856A-4CCA-965D-FB5E8128879E}.Debug|Any CPU.ActiveCfg = Debug|Any CPU
		{427623B7-856A-4CCA-965D-FB5E8128879E}.Debug|Any CPU.Build.0 = Debug|Any CPU
		{427623B7-856A-4CCA-965D-FB5E8128879E}.Release|Any CPU.ActiveCfg = Release|Any CPU
		{427623B7-856A-4CCA-965D-FB5E8128879E}.Release|Any CPU.Build.0 = Release|Any CPU
	EndGlobalSection
	GlobalSection(SolutionProperties) = preSolution
		HideSolutionNode = FALSE
	EndGlobalSection
EndGlobal
